
Microsoft Visual Studio Solution File, Format Version 12.00
# Blend for Visual Studio Version 17
VisualStudioVersion = 17.14.36212.18
MinimumVisualStudioVersion = 10.0.40219.1
Project("{2150E333-8FDC-42A3-9474-1A3956D46DE8}") = "src", "src", "{827E0CD3-B72D-47B6-A68D-7590B98EB39B}"
EndProject
Project("{FAE04EC0-301F-11D3-BF4B-00C04F79EFBC}") = "ExportDocManager.Infrastructure", "src\ExportDocManager.Infrastructure\ExportDocManager.Infrastructure.csproj", "{B6B698E8-E7A5-4600-9073-A9555FAF9C36}"
EndProject
Project("{2150E333-8FDC-42A3-9474-1A3956D46DE8}") = "tests", "tests", "{0AB3BF05-4346-4AA6-1389-037BE0695223}"
EndProject
Project("{FAE04EC0-301F-11D3-BF4B-00C04F79EFBC}") = "ExportDocManager.Infrastructure.Tests", "tests\ExportDocManager.Infrastructure.Tests\ExportDocManager.Infrastructure.Tests.csproj", "{69B45D56-0D05-4C30-993B-C416140AA850}"
EndProject
Project("{FAE04EC0-301F-11D3-BF4B-00C04F79EFBC}") = "ExportDocManager.Application", "src\ExportDocManager.Application\ExportDocManager.Application.csproj", "{6E2005D4-DC1B-4888-A60E-6B34AB7104D4}"
EndProject
Project("{FAE04EC0-301F-11D3-BF4B-00C04F79EFBC}") = "ExportDocManager.Application.Tests", "tests\ExportDocManager.Application.Tests\ExportDocManager.Application.Tests.csproj", "{2569FD1E-D2A2-41DD-8ADC-CA060997B7D9}"
EndProject
Project("{FAE04EC0-301F-11D3-BF4B-00C04F79EFBC}") = "ExportDocManager.Domain", "src\ExportDocManager.Domain\ExportDocManager.Domain.csproj", "{9D9C18B2-934E-4D8F-9069-423E514B91B6}"
EndProject
Project("{FAE04EC0-301F-11D3-BF4B-00C04F79EFBC}") = "ExportDocManager.Domain.Tests", "tests\ExportDocManager.Domain.Tests\ExportDocManager.Domain.Tests.csproj", "{29D58035-0F32-4325-9442-5E39C8580263}"
EndProject
Project("{FAE04EC0-301F-11D3-BF4B-00C04F79EFBC}") = "ExportDocManager.Api", "src\ExportDocManager.Api\ExportDocManager.Api.csproj", "{3D50CA23-3304-4022-94AA-DF4BDBEFF60F}"
EndProject
Project("{FAE04EC0-301F-11D3-BF4B-00C04F79EFBC}") = "ExportDocManager.Api.Tests", "tests\ExportDocManager.Api.Tests\ExportDocManager.Api.Tests.csproj", "{8FBE8A75-3D21-49D3-9172-188E2D97D1BF}"
EndProject
Project("{2150E333-8FDC-42A3-9474-1A3956D46DE8}") = "tools", "tools", "{07C2787E-EAC7-C090-1BA3-A61EC2A24D84}"
EndProject
Project("{FAE04EC0-301F-11D3-BF4B-00C04F79EFBC}") = "ExportDocManager.ApiClientGenerator", "tools\ExportDocManager.ApiClientGenerator\ExportDocManager.ApiClientGenerator.csproj", "{AA433A31-17E6-46D5-A756-11139B80B27D}"
EndProject
Global
	GlobalSection(SolutionConfigurationPlatforms) = preSolution
		Debug|Any CPU = Debug|Any CPU
		Debug|x64 = Debug|x64
		Debug|x86 = Debug|x86
		Release|Any CPU = Release|Any CPU
		Release|x64 = Release|x64
		Release|x86 = Release|x86
	EndGlobalSection
	GlobalSection(ProjectConfigurationPlatforms) = postSolution
		{B6B698E8-E7A5-4600-9073-A9555FAF9C36}.Debug|Any CPU.ActiveCfg = Debug|Any CPU
		{B6B698E8-E7A5-4600-9073-A9555FAF9C36}.Debug|Any CPU.Build.0 = Debug|Any CPU
		{B6B698E8-E7A5-4600-9073-A9555FAF9C36}.Debug|x64.ActiveCfg = Debug|Any CPU
		{B6B698E8-E7A5-4600-9073-A9555FAF9C36}.Debug|x64.Build.0 = Debug|Any CPU
		{B6B698E8-E7A5-4600-9073-A9555FAF9C36}.Debug|x86.ActiveCfg = Debug|Any CPU
		{B6B698E8-E7A5-4600-9073-A9555FAF9C36}.Debug|x86.Build.0 = Debug|Any CPU
		{B6B698E8-E7A5-4600-9073-A9555FAF9C36}.Release|Any CPU.ActiveCfg = Release|Any CPU
		{B6B698E8-E7A5-4600-9073-A9555FAF9C36}.Release|Any CPU.Build.0 = Release|Any CPU
		{B6B698E8-E7A5-4600-9073-A9555FAF9C36}.Release|x64.ActiveCfg = Release|Any CPU
		{B6B698E8-E7A5-4600-9073-A9555FAF9C36}.Release|x64.Build.0 = Release|Any CPU
		{B6B698E8-E7A5-4600-9073-A9555FAF9C36}.Release|x86.ActiveCfg = Release|Any CPU
		{B6B698E8-E7A5-4600-9073-A9555FAF9C36}.Release|x86.Build.0 = Release|Any CPU
		{69B45D56-0D05-4C30-993B-C416140AA850}.Debug|Any CPU.ActiveCfg = Debug|Any CPU
		{69B45D56-0D05-4C30-993B-C416140AA850}.Debug|Any CPU.Build.0 = Debug|Any CPU
		{69B45D56-0D05-4C30-993B-C416140AA850}.Debug|x64.ActiveCfg = Debug|Any CPU
		{69B45D56-0D05-4C30-993B-C416140AA850}.Debug|x64.Build.0 = Debug|Any CPU
		{69B45D56-0D05-4C30-993B-C416140AA850}.Debug|x86.ActiveCfg = Debug|Any CPU
		{69B45D56-0D05-4C30-993B-C416140AA850}.Debug|x86.Build.0 = Debug|Any CPU
		{69B45D56-0D05-4C30-993B-C416140AA850}.Release|Any CPU.ActiveCfg = Release|Any CPU
		{69B45D56-0D05-4C30-993B-C416140AA850}.Release|Any CPU.Build.0 = Release|Any CPU
		{69B45D56-0D05-4C30-993B-C416140AA850}.Release|x64.ActiveCfg = Release|Any CPU
		{69B45D56-0D05-4C30-993B-C416140AA850}.Release|x64.Build.0 = Release|Any CPU
		{69B45D56-0D05-4C30-993B-C416140AA850}.Release|x86.ActiveCfg = Release|Any CPU
		{69B45D56-0D05-4C30-993B-C416140AA850}.Release|x86.Build.0 = Release|Any CPU
		{6E2005D4-DC1B-4888-A60E-6B34AB7104D4}.Debug|Any CPU.ActiveCfg = Debug|Any CPU
		{6E2005D4-DC1B-4888-A60E-6B34AB7104D4}.Debug|Any CPU.Build.0 = Debug|Any CPU
		{6E2005D4-DC1B-4888-A60E-6B34AB7104D4}.Debug|x64.ActiveCfg = Debug|Any CPU
		{6E2005D4-DC1B-4888-A60E-6B34AB7104D4}.Debug|x64.Build.0 = Debug|Any CPU
		{6E2005D4-DC1B-4888-A60E-6B34AB7104D4}.Debug|x86.ActiveCfg = Debug|Any CPU
		{6E2005D4-DC1B-4888-A60E-6B34AB7104D4}.Debug|x86.Build.0 = Debug|Any CPU
		{6E2005D4-DC1B-4888-A60E-6B34AB7104D4}.Release|Any CPU.ActiveCfg = Release|Any CPU
		{6E2005D4-DC1B-4888-A60E-6B34AB7104D4}.Release|Any CPU.Build.0 = Release|Any CPU
		{6E2005D4-DC1B-4888-A60E-6B34AB7104D4}.Release|x64.ActiveCfg = Release|Any CPU
		{6E2005D4-DC1B-4888-A60E-6B34AB7104D4}.Release|x64.Build.0 = Release|Any CPU
		{6E2005D4-DC1B-4888-A60E-6B34AB7104D4}.Release|x86.ActiveCfg = Release|Any CPU
		{6E2005D4-DC1B-4888-A60E-6B34AB7104D4}.Release|x86.Build.0 = Release|Any CPU
		{2569FD1E-D2A2-41DD-8ADC-CA060997B7D9}.Debug|Any CPU.ActiveCfg = Debug|Any CPU
		{2569FD1E-D2A2-41DD-8ADC-CA060997B7D9}.Debug|Any CPU.Build.0 = Debug|Any CPU
		{2569FD1E-D2A2-41DD-8ADC-CA060997B7D9}.Debug|x64.ActiveCfg = Debug|Any CPU
		{2569FD1E-D2A2-41DD-8ADC-CA060997B7D9}.Debug|x64.Build.0 = Debug|Any CPU
		{2569FD1E-D2A2-41DD-8ADC-CA060997B7D9}.Debug|x86.ActiveCfg = Debug|Any CPU
		{2569FD1E-D2A2-41DD-8ADC-CA060997B7D9}.Debug|x86.Build.0 = Debug|Any CPU
		{2569FD1E-D2A2-41DD-8ADC-CA060997B7D9}.Release|Any CPU.ActiveCfg = Release|Any CPU
		{2569FD1E-D2A2-41DD-8ADC-CA060997B7D9}.Release|Any CPU.Build.0 = Release|Any CPU
		{2569FD1E-D2A2-41DD-8ADC-CA060997B7D9}.Release|x64.ActiveCfg = Release|Any CPU
		{2569FD1E-D2A2-41DD-8ADC-CA060997B7D9}.Release|x64.Build.0 = Release|Any CPU
		{2569FD1E-D2A2-41DD-8ADC-CA060997B7D9}.Release|x86.ActiveCfg = Release|Any CPU
		{2569FD1E-D2A2-41DD-8ADC-CA060997B7D9}.Release|x86.Build.0 = Release|Any CPU
		{9D9C18B2-934E-4D8F-9069-423E514B91B6}.Debug|Any CPU.ActiveCfg = Debug|Any CPU
		{9D9C18B2-934E-4D8F-9069-423E514B91B6}.Debug|Any CPU.Build.0 = Debug|Any CPU
		{9D9C18B2-934E-4D8F-9069-423E514B91B6}.Debug|x64.ActiveCfg = Debug|Any CPU
		{9D9C18B2-934E-4D8F-9069-423E514B91B6}.Debug|x64.Build.0 = Debug|Any CPU
		{9D9C18B2-934E-4D8F-9069-423E514B91B6}.Debug|x86.ActiveCfg = Debug|Any CPU
		{9D9C18B2-934E-4D8F-9069-423E514B91B6}.Debug|x86.Build.0 = Debug|Any CPU
		{9D9C18B2-934E-4D8F-9069-423E514B91B6}.Release|Any CPU.ActiveCfg = Release|Any CPU
		{9D9C18B2-934E-4D8F-9069-423E514B91B6}.Release|Any CPU.Build.0 = Release|Any CPU
		{9D9C18B2-934E-4D8F-9069-423E514B91B6}.Release|x64.ActiveCfg = Release|Any CPU
		{9D9C18B2-934E-4D8F-9069-423E514B91B6}.Release|x64.Build.0 = Release|Any CPU
		{9D9C18B2-934E-4D8F-9069-423E514B91B6}.Release|x86.ActiveCfg = Release|Any CPU
		{9D9C18B2-934E-4D8F-9069-423E514B91B6}.Release|x86.Build.0 = Release|Any CPU
		{29D58035-0F32-4325-9442-5E39C8580263}.Debug|Any CPU.ActiveCfg = Debug|Any CPU
		{29D58035-0F32-4325-9442-5E39C8580263}.Debug|Any CPU.Build.0 = Debug|Any CPU
		{29D58035-0F32-4325-9442-5E39C8580263}.Debug|x64.ActiveCfg = Debug|Any CPU
		{29D58035-0F32-4325-9442-5E39C8580263}.Debug|x64.Build.0 = Debug|Any CPU
		{29D58035-0F32-4325-9442-5E39C8580263}.Debug|x86.ActiveCfg = Debug|Any CPU
		{29D58035-0F32-4325-9442-5E39C8580263}.Debug|x86.Build.0 = Debug|Any CPU
		{29D58035-0F32-4325-9442-5E39C8580263}.Release|Any CPU.ActiveCfg = Release|Any CPU
		{29D58035-0F32-4325-9442-5E39C8580263}.Release|Any CPU.Build.0 = Release|Any CPU
		{29D58035-0F32-4325-9442-5E39C8580263}.Release|x64.ActiveCfg = Release|Any CPU
		{29D58035-0F32-4325-9442-5E39C8580263}.Release|x64.Build.0 = Release|Any CPU
		{29D58035-0F32-4325-9442-5E39C8580263}.Release|x86.ActiveCfg = Release|Any CPU
		{29D58035-0F32-4325-9442-5E39C8580263}.Release|x86.Build.0 = Release|Any CPU
		{3D50CA23-3304-4022-94AA-DF4BDBEFF60F}.Debug|Any CPU.ActiveCfg = Debug|Any CPU
		{3D50CA23-3304-4022-94AA-DF4BDBEFF60F}.Debug|Any CPU.Build.0 = Debug|Any CPU
		{3D50CA23-3304-4022-94AA-DF4BDBEFF60F}.Debug|x64.ActiveCfg = Debug|Any CPU
		{3D50CA23-3304-4022-94AA-DF4BDBEFF60F}.Debug|x64.Build.0 = Debug|Any CPU
		{3D50CA23-3304-4022-94AA-DF4BDBEFF60F}.Debug|x86.ActiveCfg = Debug|Any CPU
		{3D50CA23-3304-4022-94AA-DF4BDBEFF60F}.Debug|x86.Build.0 = Debug|Any CPU
		{3D50CA23-3304-4022-94AA-DF4BDBEFF60F}.Release|Any CPU.ActiveCfg = Release|Any CPU
		{3D50CA23-3304-4022-94AA-DF4BDBEFF60F}.Release|Any CPU.Build.0 = Release|Any CPU
		{3D50CA23-3304-4022-94AA-DF4BDBEFF60F}.Release|x64.ActiveCfg = Release|Any CPU
		{3D50CA23-3304-4022-94AA-DF4BDBEFF60F}.Release|x64.Build.0 = Release|Any CPU
		{3D50CA23-3304-4022-94AA-DF4BDBEFF60F}.Release|x86.ActiveCfg = Release|Any CPU
		{3D50CA23-3304-4022-94AA-DF4BDBEFF60F}.Release|x86.Build.0 = Release|Any CPU
		{8FBE8A75-3D21-49D3-9172-188E2D97D1BF}.Debug|Any CPU.ActiveCfg = Debug|Any CPU
		{8FBE8A75-3D21-49D3-9172-188E2D97D1BF}.Debug|Any CPU.Build.0 = Debug|Any CPU
		{8FBE8A75-3D21-49D3-9172-188E2D97D1BF}.Debug|x64.ActiveCfg = Debug|Any CPU
		{8FBE8A75-3D21-49D3-9172-188E2D97D1BF}.Debug|x64.Build.0 = Debug|Any CPU
		{8FBE8A75-3D21-49D3-9172-188E2D97D1BF}.Debug|x86.ActiveCfg = Debug|Any CPU
		{8FBE8A75-3D21-49D3-9172-188E2D97D1BF}.Debug|x86.Build.0 = Debug|Any CPU
		{8FBE8A75-3D21-49D3-9172-188E2D97D1BF}.Release|Any CPU.ActiveCfg = Release|Any CPU
		{8FBE8A75-3D21-49D3-9172-188E2D97D1BF}.Release|Any CPU.Build.0 = Release|Any CPU
		{8FBE8A75-3D21-49D3-9172-188E2D97D1BF}.Release|x64.ActiveCfg = Release|Any CPU
		{8FBE8A75-3D21-49D3-9172-188E2D97D1BF}.Release|x64.Build.0 = Release|Any CPU
		{8FBE8A75-3D21-49D3-9172-188E2D97D1BF}.Release|x86.ActiveCfg = Release|Any CPU
		{8FBE8A75-3D21-49D3-9172-188E2D97D1BF}.Release|x86.Build.0 = Release|Any CPU
		{AA433A31-17E6-46D5-A756-11139B80B27D}.Debug|Any CPU.ActiveCfg = Debug|Any CPU
		{AA433A31-17E6-46D5-A756-11139B80B27D}.Debug|Any CPU.Build.0 = Debug|Any CPU
		{AA433A31-17E6-46D5-A756-11139B80B27D}.Debug|x64.ActiveCfg = Debug|Any CPU
		{AA433A31-17E6-46D5-A756-11139B80B27D}.Debug|x64.Build.0 = Debug|Any CPU
		{AA433A31-17E6-46D5-A756-11139B80B27D}.Debug|x86.ActiveCfg = Debug|Any CPU
		{AA433A31-17E6-46D5-A756-11139B80B27D}.Debug|x86.Build.0 = Debug|Any CPU
		{AA433A31-17E6-46D5-A756-11139B80B27D}.Release|Any CPU.ActiveCfg = Release|Any CPU
		{AA433A31-17E6-46D5-A756-11139B80B27D}.Release|Any CPU.Build.0 = Release|Any CPU
		{AA433A31-17E6-46D5-A756-11139B80B27D}.Release|x64.ActiveCfg = Release|Any CPU
		{AA433A31-17E6-46D5-A756-11139B80B27D}.Release|x64.Build.0 = Release|Any CPU
		{AA433A31-17E6-46D5-A756-11139B80B27D}.Release|x86.ActiveCfg = Release|Any CPU
		{AA433A31-17E6-46D5-A756-11139B80B27D}.Release|x86.Build.0 = Release|Any CPU
	EndGlobalSection
	GlobalSection(SolutionProperties) = preSolution
		HideSolutionNode = FALSE
	EndGlobalSection
	GlobalSection(NestedProjects) = preSolution
		{B6B698E8-E7A5-4600-9073-A9555FAF9C36} = {827E0CD3-B72D-47B6-A68D-7590B98EB39B}
		{69B45D56-0D05-4C30-993B-C416140AA850} = {0AB3BF05-4346-4AA6-1389-037BE0695223}
		{6E2005D4-DC1B-4888-A60E-6B34AB7104D4} = {827E0CD3-B72D-47B6-A68D-7590B98EB39B}
		{2569FD1E-D2A2-41DD-8ADC-CA060997B7D9} = {0AB3BF05-4346-4AA6-1389-037BE0695223}
		{9D9C18B2-934E-4D8F-9069-423E514B91B6} = {827E0CD3-B72D-47B6-A68D-7590B98EB39B}
		{29D58035-0F32-4325-9442-5E39C8580263} = {827E0CD3-B72D-47B6-A68D-7590B98EB39B}
		{3D50CA23-3304-4022-94AA-DF4BDBEFF60F} = {827E0CD3-B72D-47B6-A68D-7590B98EB39B}
		{8FBE8A75-3D21-49D3-9172-188E2D97D1BF} = {827E0CD3-B72D-47B6-A68D-7590B98EB39B}
		{AA433A31-17E6-46D5-A756-11139B80B27D} = {07C2787E-EAC7-C090-1BA3-A61EC2A24D84}
	EndGlobalSection
	GlobalSection(ExtensibilityGlobals) = postSolution
		SolutionGuid = {CD49D1C2-C993-4550-AE39-6FD863FAF842}
	EndGlobalSection
EndGlobal
